// !$*UTF8*$!
{
	archiveVersion = 1;
	classes = {
	};
	objectVersion = 56;
	objects = {

/* Begin PBXBuildFile section */
		75271E782AFD7B2D0089F902 /* AppDelegate.swift in Sources */ = {isa = PBXBuildFile; fileRef = 75271E772AFD7B2D0089F902 /* AppDelegate.swift */; };
		75271E7A2AFD7B2D0089F902 /* SceneDelegate.swift in Sources */ = {isa = PBXBuildFile; fileRef = 75271E792AFD7B2D0089F902 /* SceneDelegate.swift */; };
		75271E812AFD7B2E0089F902 /* Assets.xcassets in Resources */ = {isa = PBXBuildFile; fileRef = 75271E802AFD7B2E0089F902 /* Assets.xcassets */; };
		75271E8C2AFD88E80089F902 /* MainTabBarViewController.swift in Sources */ = {isa = PBXBuildFile; fileRef = 75271E8B2AFD88E80089F902 /* MainTabBarViewController.swift */; };
		75271E8F2AFD8CE00089F902 /* HomeViewController.swift in Sources */ = {isa = PBXBuildFile; fileRef = 75271E8E2AFD8CE00089F902 /* HomeViewController.swift */; };
		75271E912AFD8D050089F902 /* UpcomingViewController.swift in Sources */ = {isa = PBXBuildFile; fileRef = 75271E902AFD8D050089F902 /* UpcomingViewController.swift */; };
		75271E932AFD8D220089F902 /* SearchViewController.swift in Sources */ = {isa = PBXBuildFile; fileRef = 75271E922AFD8D220089F902 /* SearchViewController.swift */; };
		75271E952AFD8D900089F902 /* DownloadsViewController.swift in Sources */ = {isa = PBXBuildFile; fileRef = 75271E942AFD8D900089F902 /* DownloadsViewController.swift */; };
		75271E9C2AFD9CEA0089F902 /* CollectionViewTableViewCell.swift in Sources */ = {isa = PBXBuildFile; fileRef = 75271E9B2AFD9CEA0089F902 /* CollectionViewTableViewCell.swift */; };
		75271E9E2AFE5A270089F902 /* HeroHeaderUIView.swift in Sources */ = {isa = PBXBuildFile; fileRef = 75271E9D2AFE5A270089F902 /* HeroHeaderUIView.swift */; };
		75271EA02AFE6F760089F902 /* APICaller.swift in Sources */ = {isa = PBXBuildFile; fileRef = 75271E9F2AFE6F760089F902 /* APICaller.swift */; };
		75271EA52AFE75BA0089F902 /* Title.swift in Sources */ = {isa = PBXBuildFile; fileRef = 75271EA42AFE75BA0089F902 /* Title.swift */; };
		75271EA92AFE7D380089F902 /* Extensions.swift in Sources */ = {isa = PBXBuildFile; fileRef = 75271EA82AFE7D380089F902 /* Extensions.swift */; };
		75271EAF2AFE91820089F902 /* TitleCollectionViewCell.swift in Sources */ = {isa = PBXBuildFile; fileRef = 75271EAE2AFE91820089F902 /* TitleCollectionViewCell.swift */; };
		75271EB22AFE92B50089F902 /* SDWebImage in Frameworks */ = {isa = PBXBuildFile; productRef = 75271EB12AFE92B50089F902 /* SDWebImage */; };
		75271EB42AFE92B50089F902 /* SDWebImageMapKit in Frameworks */ = {isa = PBXBuildFile; productRef = 75271EB32AFE92B50089F902 /* SDWebImageMapKit */; };
		75271EB62AFE9FBF0089F902 /* TitleTableViewCell.swift in Sources */ = {isa = PBXBuildFile; fileRef = 75271EB52AFE9FBF0089F902 /* TitleTableViewCell.swift */; };
		755A11B92B082BBF00BA1202 /* HomeViewModel.swift in Sources */ = {isa = PBXBuildFile; fileRef = 755A11B82B082BBF00BA1202 /* HomeViewModel.swift */; };
		755A11BF2B082FB000BA1202 /* TitleViewModel.swift in Sources */ = {isa = PBXBuildFile; fileRef = 755A11BE2B082FB000BA1202 /* TitleViewModel.swift */; };
/* End PBXBuildFile section */

/* Begin PBXFileReference section */
		75271E742AFD7B2D0089F902 /* MovieApp.app */ = {isa = PBXFileReference; explicitFileType = wrapper.application; includeInIndex = 0; path = MovieApp.app; sourceTree = BUILT_PRODUCTS_DIR; };
		75271E772AFD7B2D0089F902 /* AppDelegate.swift */ = {isa = PBXFileReference; lastKnownFileType = sourcecode.swift; path = AppDelegate.swift; sourceTree = "<group>"; };
		75271E792AFD7B2D0089F902 /* SceneDelegate.swift */ = {isa = PBXFileReference; lastKnownFileType = sourcecode.swift; path = SceneDelegate.swift; sourceTree = "<group>"; };
		75271E802AFD7B2E0089F902 /* Assets.xcassets */ = {isa = PBXFileReference; lastKnownFileType = folder.assetcatalog; path = Assets.xcassets; sourceTree = "<group>"; };
		75271E852AFD7B2E0089F902 /* Info.plist */ = {isa = PBXFileReference; lastKnownFileType = text.plist.xml; path = Info.plist; sourceTree = "<group>"; };
		75271E8B2AFD88E80089F902 /* MainTabBarViewController.swift */ = {isa = PBXFileReference; lastKnownFileType = sourcecode.swift; path = MainTabBarViewController.swift; sourceTree = "<group>"; };
		75271E8E2AFD8CE00089F902 /* HomeViewController.swift */ = {isa = PBXFileReference; lastKnownFileType = sourcecode.swift; path = HomeViewController.swift; sourceTree = "<group>"; };
		75271E902AFD8D050089F902 /* UpcomingViewController.swift */ = {isa = PBXFileReference; lastKnownFileType = sourcecode.swift; path = UpcomingViewController.swift; sourceTree = "<group>"; };
		75271E922AFD8D220089F902 /* SearchViewController.swift */ = {isa = PBXFileReference; lastKnownFileType = sourcecode.swift; path = SearchViewController.swift; sourceTree = "<group>"; };
		75271E942AFD8D900089F902 /* DownloadsViewController.swift */ = {isa = PBXFileReference; lastKnownFileType = sourcecode.swift; path = DownloadsViewController.swift; sourceTree = "<group>"; };
		75271E9B2AFD9CEA0089F902 /* CollectionViewTableViewCell.swift */ = {isa = PBXFileReference; lastKnownFileType = sourcecode.swift; path = CollectionViewTableViewCell.swift; sourceTree = "<group>"; };
		75271E9D2AFE5A270089F902 /* HeroHeaderUIView.swift */ = {isa = PBXFileReference; lastKnownFileType = sourcecode.swift; path = HeroHeaderUIView.swift; sourceTree = "<group>"; };
		75271E9F2AFE6F760089F902 /* APICaller.swift */ = {isa = PBXFileReference; lastKnownFileType = sourcecode.swift; path = APICaller.swift; sourceTree = "<group>"; };
		75271EA42AFE75BA0089F902 /* Title.swift */ = {isa = PBXFileReference; lastKnownFileType = sourcecode.swift; path = Title.swift; sourceTree = "<group>"; };
		75271EA82AFE7D380089F902 /* Extensions.swift */ = {isa = PBXFileReference; lastKnownFileType = sourcecode.swift; path = Extensions.swift; sourceTree = "<group>"; };
		75271EAE2AFE91820089F902 /* TitleCollectionViewCell.swift */ = {isa = PBXFileReference; lastKnownFileType = sourcecode.swift; path = TitleCollectionViewCell.swift; sourceTree = "<group>"; };
		75271EB52AFE9FBF0089F902 /* TitleTableViewCell.swift */ = {isa = PBXFileReference; lastKnownFileType = sourcecode.swift; path = TitleTableViewCell.swift; sourceTree = "<group>"; };
		755A11B82B082BBF00BA1202 /* HomeViewModel.swift */ = {isa = PBXFileReference; lastKnownFileType = sourcecode.swift; path = HomeViewModel.swift; sourceTree = "<group>"; };
		755A11BE2B082FB000BA1202 /* TitleViewModel.swift */ = {isa = PBXFileReference; lastKnownFileType = sourcecode.swift; path = TitleViewModel.swift; sourceTree = "<group>"; };
/* End PBXFileReference section */

/* Begin PBXFrameworksBuildPhase section */
		75271E712AFD7B2D0089F902 /* Frameworks */ = {
			isa = PBXFrameworksBuildPhase;
			buildActionMask = 2147483647;
			files = (
				75271EB42AFE92B50089F902 /* SDWebImageMapKit in Frameworks */,
				75271EB22AFE92B50089F902 /* SDWebImage in Frameworks */,
			);
			runOnlyForDeploymentPostprocessing = 0;
		};
/* End PBXFrameworksBuildPhase section */

/* Begin PBXGroup section */
		75271E6B2AFD7B2D0089F902 = {
			isa = PBXGroup;
			children = (
				75271E762AFD7B2D0089F902 /* MovieApp */,
				75271E752AFD7B2D0089F902 /* Products */,
			);
			sourceTree = "<group>";
		};
		75271E752AFD7B2D0089F902 /* Products */ = {
			isa = PBXGroup;
			children = (
				75271E742AFD7B2D0089F902 /* MovieApp.app */,
			);
			name = Products;
			sourceTree = "<group>";
		};
		75271E762AFD7B2D0089F902 /* MovieApp */ = {
			isa = PBXGroup;
			children = (
				75271EC32AFEC5250089F902 /* App */,
				75271E962AFD9C640089F902 /* Models */,
				75271E992AFD9CAA0089F902 /* Networking */,
				75271E8D2AFD8CC10089F902 /* Scenes */,
				75271E9A2AFD9CB00089F902 /* Resources */,
				75271E852AFD7B2E0089F902 /* Info.plist */,
			);
			path = MovieApp;
			sourceTree = "<group>";
		};
		75271E8D2AFD8CC10089F902 /* Scenes */ = {
			isa = PBXGroup;
			children = (
				755A11B52B082AA200BA1202 /* Home */,
				755A11BD2B082E1F00BA1202 /* ამეებს დავასრულებ */,
			);
			path = Scenes;
			sourceTree = "<group>";
		};
		75271E962AFD9C640089F902 /* Models */ = {
			isa = PBXGroup;
			children = (
				75271EA42AFE75BA0089F902 /* Title.swift */,
				755A11BE2B082FB000BA1202 /* TitleViewModel.swift */,
			);
			path = Models;
			sourceTree = "<group>";
		};
		75271E992AFD9CAA0089F902 /* Networking */ = {
			isa = PBXGroup;
			children = (
				75271E9F2AFE6F760089F902 /* APICaller.swift */,
			);
			path = Networking;
			sourceTree = "<group>";
		};
		75271E9A2AFD9CB00089F902 /* Resources */ = {
			isa = PBXGroup;
			children = (
				75271EA82AFE7D380089F902 /* Extensions.swift */,
				75271E802AFD7B2E0089F902 /* Assets.xcassets */,
			);
			path = Resources;
			sourceTree = "<group>";
		};
		75271EC32AFEC5250089F902 /* App */ = {
			isa = PBXGroup;
			children = (
				75271E772AFD7B2D0089F902 /* AppDelegate.swift */,
				75271E792AFD7B2D0089F902 /* SceneDelegate.swift */,
			);
			path = App;
			sourceTree = "<group>";
		};
		755A11B32B081E7E00BA1202 /* TabBarViewControllers */ = {
			isa = PBXGroup;
			children = (
				75271E8B2AFD88E80089F902 /* MainTabBarViewController.swift */,
				75271E902AFD8D050089F902 /* UpcomingViewController.swift */,
				75271E922AFD8D220089F902 /* SearchViewController.swift */,
				75271E942AFD8D900089F902 /* DownloadsViewController.swift */,
			);
			path = TabBarViewControllers;
			sourceTree = "<group>";
		};
		755A11B42B081F4100BA1202 /* Cells */ = {
			isa = PBXGroup;
			children = (
				75271EB52AFE9FBF0089F902 /* TitleTableViewCell.swift */,
			);
			path = Cells;
			sourceTree = "<group>";
		};
		755A11B52B082AA200BA1202 /* Home */ = {
			isa = PBXGroup;
			children = (
				755A11B72B082B9400BA1202 /* ViewControllers */,
				755A11B62B082B8300BA1202 /* ViewModels */,
				755A11BB2B082DD100BA1202 /* Views */,
				755A11BA2B082DA700BA1202 /* Cells */,
			);
			path = Home;
			sourceTree = "<group>";
		};
		755A11B62B082B8300BA1202 /* ViewModels */ = {
			isa = PBXGroup;
			children = (
				755A11B82B082BBF00BA1202 /* HomeViewModel.swift */,
			);
			path = ViewModels;
			sourceTree = "<group>";
		};
		755A11B72B082B9400BA1202 /* ViewControllers */ = {
			isa = PBXGroup;
			children = (
				75271E8E2AFD8CE00089F902 /* HomeViewController.swift */,
			);
			path = ViewControllers;
			sourceTree = "<group>";
		};
		755A11BA2B082DA700BA1202 /* Cells */ = {
			isa = PBXGroup;
			children = (
				75271E9B2AFD9CEA0089F902 /* CollectionViewTableViewCell.swift */,
				75271EAE2AFE91820089F902 /* TitleCollectionViewCell.swift */,
			);
			path = Cells;
			sourceTree = "<group>";
		};
		755A11BB2B082DD100BA1202 /* Views */ = {
			isa = PBXGroup;
			children = (
				75271E9D2AFE5A270089F902 /* HeroHeaderUIView.swift */,
			);
			path = Views;
			sourceTree = "<group>";
		};
		755A11BD2B082E1F00BA1202 /* ამეებს დავასრულებ */ = {
			isa = PBXGroup;
			children = (
				755A11B32B081E7E00BA1202 /* TabBarViewControllers */,
				755A11B42B081F4100BA1202 /* Cells */,
			);
			path = "ამეებს დავასრულებ";
			sourceTree = "<group>";
		};
/* End PBXGroup section */

/* Begin PBXNativeTarget section */
		75271E732AFD7B2D0089F902 /* MovieApp */ = {
			isa = PBXNativeTarget;
			buildConfigurationList = 75271E882AFD7B2E0089F902 /* Build configuration list for PBXNativeTarget "MovieApp" */;
			buildPhases = (
				75271E702AFD7B2D0089F902 /* Sources */,
				75271E712AFD7B2D0089F902 /* Frameworks */,
				75271E722AFD7B2D0089F902 /* Resources */,
			);
			buildRules = (
			);
			dependencies = (
			);
			name = MovieApp;
			packageProductDependencies = (
				75271EB12AFE92B50089F902 /* SDWebImage */,
				75271EB32AFE92B50089F902 /* SDWebImageMapKit */,
			);
			productName = MovieApp;
			productReference = 75271E742AFD7B2D0089F902 /* MovieApp.app */;
			productType = "com.apple.product-type.application";
		};
/* End PBXNativeTarget section */

/* Begin PBXProject section */
		75271E6C2AFD7B2D0089F902 /* Project object */ = {
			isa = PBXProject;
			attributes = {
				BuildIndependentTargetsInParallel = 1;
				LastSwiftUpdateCheck = 1500;
				LastUpgradeCheck = 1500;
				TargetAttributes = {
					75271E732AFD7B2D0089F902 = {
						CreatedOnToolsVersion = 15.0.1;
					};
				};
			};
			buildConfigurationList = 75271E6F2AFD7B2D0089F902 /* Build configuration list for PBXProject "MovieApp" */;
			compatibilityVersion = "Xcode 14.0";
			developmentRegion = en;
			hasScannedForEncodings = 0;
			knownRegions = (
				en,
				Base,
			);
			mainGroup = 75271E6B2AFD7B2D0089F902;
			packageReferences = (
				75271EB02AFE92B50089F902 /* XCRemoteSwiftPackageReference "SDWebImage" */,
			);
			productRefGroup = 75271E752AFD7B2D0089F902 /* Products */;
			projectDirPath = "";
			projectRoot = "";
			targets = (
				75271E732AFD7B2D0089F902 /* MovieApp */,
			);
		};
/* End PBXProject section */

/* Begin PBXResourcesBuildPhase section */
		75271E722AFD7B2D0089F902 /* Resources */ = {
			isa = PBXResourcesBuildPhase;
			buildActionMask = 2147483647;
			files = (
				75271E812AFD7B2E0089F902 /* Assets.xcassets in Resources */,
			);
			runOnlyForDeploymentPostprocessing = 0;
		};
/* End PBXResourcesBuildPhase section */

/* Begin PBXSourcesBuildPhase section */
		75271E702AFD7B2D0089F902 /* Sources */ = {
			isa = PBXSourcesBuildPhase;
			buildActionMask = 2147483647;
			files = (
				75271EB62AFE9FBF0089F902 /* TitleTableViewCell.swift in Sources */,
				75271E932AFD8D220089F902 /* SearchViewController.swift in Sources */,
				75271EAF2AFE91820089F902 /* TitleCollectionViewCell.swift in Sources */,
				755A11B92B082BBF00BA1202 /* HomeViewModel.swift in Sources */,
				75271E8C2AFD88E80089F902 /* MainTabBarViewController.swift in Sources */,
				75271E9C2AFD9CEA0089F902 /* CollectionViewTableViewCell.swift in Sources */,
				75271EA02AFE6F760089F902 /* APICaller.swift in Sources */,
				75271E9E2AFE5A270089F902 /* HeroHeaderUIView.swift in Sources */,
				75271E952AFD8D900089F902 /* DownloadsViewController.swift in Sources */,
				755A11BF2B082FB000BA1202 /* TitleViewModel.swift in Sources */,
				75271E782AFD7B2D0089F902 /* AppDelegate.swift in Sources */,
				75271EA92AFE7D380089F902 /* Extensions.swift in Sources */,
				75271E7A2AFD7B2D0089F902 /* SceneDelegate.swift in Sources */,
				75271E912AFD8D050089F902 /* UpcomingViewController.swift in Sources */,
				75271EA52AFE75BA0089F902 /* Title.swift in Sources */,
				75271E8F2AFD8CE00089F902 /* HomeViewController.swift in Sources */,
			);
			runOnlyForDeploymentPostprocessing = 0;
		};
/* End PBXSourcesBuildPhase section */

/* Begin XCBuildConfiguration section */
		75271E862AFD7B2E0089F902 /* Debug */ = {
			isa = XCBuildConfiguration;
			buildSettings = {
				ALWAYS_SEARCH_USER_PATHS = NO;
				ASSETCATALOG_COMPILER_GENERATE_SWIFT_ASSET_SYMBOL_EXTENSIONS = YES;
				CLANG_ANALYZER_NONNULL = YES;
				CLANG_ANALYZER_NUMBER_OBJECT_CONVERSION = YES_AGGRESSIVE;
				CLANG_CXX_LANGUAGE_STANDARD = "gnu++20";
				CLANG_ENABLE_MODULES = YES;
				CLANG_ENABLE_OBJC_ARC = YES;
				CLANG_ENABLE_OBJC_WEAK = YES;
				CLANG_WARN_BLOCK_CAPTURE_AUTORELEASING = YES;
				CLANG_WARN_BOOL_CONVERSION = YES;
				CLANG_WARN_COMMA = YES;
				CLANG_WARN_CONSTANT_CONVERSION = YES;
				CLANG_WARN_DEPRECATED_OBJC_IMPLEMENTATIONS = YES;
				CLANG_WARN_DIRECT_OBJC_ISA_USAGE = YES_ERROR;
				CLANG_WARN_DOCUMENTATION_COMMENTS = YES;
				CLANG_WARN_EMPTY_BODY = YES;
				CLANG_WARN_ENUM_CONVERSION = YES;
				CLANG_WARN_INFINITE_RECURSION = YES;
				CLANG_WARN_INT_CONVERSION = YES;
				CLANG_WARN_NON_LITERAL_NULL_CONVERSION = YES;
				CLANG_WARN_OBJC_IMPLICIT_RETAIN_SELF = YES;
				CLANG_WARN_OBJC_LITERAL_CONVERSION = YES;
				CLANG_WARN_OBJC_ROOT_CLASS = YES_ERROR;
				CLANG_WARN_QUOTED_INCLUDE_IN_FRAMEWORK_HEADER = YES;
				CLANG_WARN_RANGE_LOOP_ANALYSIS = YES;
				CLANG_WARN_STRICT_PROTOTYPES = YES;
				CLANG_WARN_SUSPICIOUS_MOVE = YES;
				CLANG_WARN_UNGUARDED_AVAILABILITY = YES_AGGRESSIVE;
				CLANG_WARN_UNREACHABLE_CODE = YES;
				CLANG_WARN__DUPLICATE_METHOD_MATCH = YES;
				COPY_PHASE_STRIP = NO;
				DEBUG_INFORMATION_FORMAT = dwarf;
				ENABLE_STRICT_OBJC_MSGSEND = YES;
				ENABLE_TESTABILITY = YES;
				ENABLE_USER_SCRIPT_SANDBOXING = YES;
				GCC_C_LANGUAGE_STANDARD = gnu17;
				GCC_DYNAMIC_NO_PIC = NO;
				GCC_NO_COMMON_BLOCKS = YES;
				GCC_OPTIMIZATION_LEVEL = 0;
				GCC_PREPROCESSOR_DEFINITIONS = (
					"DEBUG=1",
					"$(inherited)",
				);
				GCC_WARN_64_TO_32_BIT_CONVERSION = YES;
				GCC_WARN_ABOUT_RETURN_TYPE = YES_ERROR;
				GCC_WARN_UNDECLARED_SELECTOR = YES;
				GCC_WARN_UNINITIALIZED_AUTOS = YES_AGGRESSIVE;
				GCC_WARN_UNUSED_FUNCTION = YES;
				GCC_WARN_UNUSED_VARIABLE = YES;
				IPHONEOS_DEPLOYMENT_TARGET = 17.0;
				LOCALIZATION_PREFERS_STRING_CATALOGS = YES;
				MTL_ENABLE_DEBUG_INFO = INCLUDE_SOURCE;
				MTL_FAST_MATH = YES;
				ONLY_ACTIVE_ARCH = YES;
				SDKROOT = iphoneos;
				SWIFT_ACTIVE_COMPILATION_CONDITIONS = "DEBUG $(inherited)";
				SWIFT_OPTIMIZATION_LEVEL = "-Onone";
			};
			name = Debug;
		};
		75271E872AFD7B2E0089F902 /* Release */ = {
			isa = XCBuildConfiguration;
			buildSettings = {
				ALWAYS_SEARCH_USER_PATHS = NO;
				ASSETCATALOG_COMPILER_GENERATE_SWIFT_ASSET_SYMBOL_EXTENSIONS = YES;
				CLANG_ANALYZER_NONNULL = YES;
				CLANG_ANALYZER_NUMBER_OBJECT_CONVERSION = YES_AGGRESSIVE;
				CLANG_CXX_LANGUAGE_STANDARD = "gnu++20";
				CLANG_ENABLE_MODULES = YES;
				CLANG_ENABLE_OBJC_ARC = YES;
				CLANG_ENABLE_OBJC_WEAK = YES;
				CLANG_WARN_BLOCK_CAPTURE_AUTORELEASING = YES;
				CLANG_WARN_BOOL_CONVERSION = YES;
				CLANG_WARN_COMMA = YES;
				CLANG_WARN_CONSTANT_CONVERSION = YES;
				CLANG_WARN_DEPRECATED_OBJC_IMPLEMENTATIONS = YES;
				CLANG_WARN_DIRECT_OBJC_ISA_USAGE = YES_ERROR;
				CLANG_WARN_DOCUMENTATION_COMMENTS = YES;
				CLANG_WARN_EMPTY_BODY = YES;
				CLANG_WARN_ENUM_CONVERSION = YES;
				CLANG_WARN_INFINITE_RECURSION = YES;
				CLANG_WARN_INT_CONVERSION = YES;
				CLANG_WARN_NON_LITERAL_NULL_CONVERSION = YES;
				CLANG_WARN_OBJC_IMPLICIT_RETAIN_SELF = YES;
				CLANG_WARN_OBJC_LITERAL_CONVERSION = YES;
				CLANG_WARN_OBJC_ROOT_CLASS = YES_ERROR;
				CLANG_WARN_QUOTED_INCLUDE_IN_FRAMEWORK_HEADER = YES;
				CLANG_WARN_RANGE_LOOP_ANALYSIS = YES;
				CLANG_WARN_STRICT_PROTOTYPES = YES;
				CLANG_WARN_SUSPICIOUS_MOVE = YES;
				CLANG_WARN_UNGUARDED_AVAILABILITY = YES_AGGRESSIVE;
				CLANG_WARN_UNREACHABLE_CODE = YES;
				CLANG_WARN__DUPLICATE_METHOD_MATCH = YES;
				COPY_PHASE_STRIP = NO;
				DEBUG_INFORMATION_FORMAT = "dwarf-with-dsym";
				ENABLE_NS_ASSERTIONS = NO;
				ENABLE_STRICT_OBJC_MSGSEND = YES;
				ENABLE_USER_SCRIPT_SANDBOXING = YES;
				GCC_C_LANGUAGE_STANDARD = gnu17;
				GCC_NO_COMMON_BLOCKS = YES;
				GCC_WARN_64_TO_32_BIT_CONVERSION = YES;
				GCC_WARN_ABOUT_RETURN_TYPE = YES_ERROR;
				GCC_WARN_UNDECLARED_SELECTOR = YES;
				GCC_WARN_UNINITIALIZED_AUTOS = YES_AGGRESSIVE;
				GCC_WARN_UNUSED_FUNCTION = YES;
				GCC_WARN_UNUSED_VARIABLE = YES;
				IPHONEOS_DEPLOYMENT_TARGET = 17.0;
				LOCALIZATION_PREFERS_STRING_CATALOGS = YES;
				MTL_ENABLE_DEBUG_INFO = NO;
				MTL_FAST_MATH = YES;
				SDKROOT = iphoneos;
				SWIFT_COMPILATION_MODE = wholemodule;
				VALIDATE_PRODUCT = YES;
			};
			name = Release;
		};
		75271E892AFD7B2E0089F902 /* Debug */ = {
			isa = XCBuildConfiguration;
			buildSettings = {
				ASSETCATALOG_COMPILER_APPICON_NAME = AppIcon;
				ASSETCATALOG_COMPILER_GLOBAL_ACCENT_COLOR_NAME = AccentColor;
				CODE_SIGN_STYLE = Automatic;
				CURRENT_PROJECT_VERSION = 1;
				GENERATE_INFOPLIST_FILE = YES;
				INFOPLIST_FILE = MovieApp/Info.plist;
				INFOPLIST_KEY_UIApplicationSupportsIndirectInputEvents = YES;
				INFOPLIST_KEY_UILaunchStoryboardName = LaunchScreen;
				INFOPLIST_KEY_UISupportedInterfaceOrientations_iPad = "UIInterfaceOrientationPortrait UIInterfaceOrientationPortraitUpsideDown UIInterfaceOrientationLandscapeLeft UIInterfaceOrientationLandscapeRight";
				INFOPLIST_KEY_UISupportedInterfaceOrientations_iPhone = "UIInterfaceOrientationPortrait UIInterfaceOrientationLandscapeLeft UIInterfaceOrientationLandscapeRight";
				LD_RUNPATH_SEARCH_PATHS = (
					"$(inherited)",
					"@executable_path/Frameworks",
				);
				MARKETING_VERSION = 1.0;
				PRODUCT_BUNDLE_IDENTIFIER = com.Void.MovieApp;
				PRODUCT_NAME = "$(TARGET_NAME)";
				SWIFT_EMIT_LOC_STRINGS = YES;
				SWIFT_VERSION = 5.0;
				TARGETED_DEVICE_FAMILY = "1,2";
			};
			name = Debug;
		};
		75271E8A2AFD7B2E0089F902 /* Release */ = {
			isa = XCBuildConfiguration;
			buildSettings = {
				ASSETCATALOG_COMPILER_APPICON_NAME = AppIcon;
				ASSETCATALOG_COMPILER_GLOBAL_ACCENT_COLOR_NAME = AccentColor;
				CODE_SIGN_STYLE = Automatic;
				CURRENT_PROJECT_VERSION = 1;
				GENERATE_INFOPLIST_FILE = YES;
				INFOPLIST_FILE = MovieApp/Info.plist;
				INFOPLIST_KEY_UIApplicationSupportsIndirectInputEvents = YES;
				INFOPLIST_KEY_UILaunchStoryboardName = LaunchScreen;
				INFOPLIST_KEY_UISupportedInterfaceOrientations_iPad = "UIInterfaceOrientationPortrait UIInterfaceOrientationPortraitUpsideDown UIInterfaceOrientationLandscapeLeft UIInterfaceOrientationLandscapeRight";
				INFOPLIST_KEY_UISupportedInterfaceOrientations_iPhone = "UIInterfaceOrientationPortrait UIInterfaceOrientationLandscapeLeft UIInterfaceOrientationLandscapeRight";
				LD_RUNPATH_SEARCH_PATHS = (
					"$(inherited)",
					"@executable_path/Frameworks",
				);
				MARKETING_VERSION = 1.0;
				PRODUCT_BUNDLE_IDENTIFIER = com.Void.MovieApp;
				PRODUCT_NAME = "$(TARGET_NAME)";
				SWIFT_EMIT_LOC_STRINGS = YES;
				SWIFT_VERSION = 5.0;
				TARGETED_DEVICE_FAMILY = "1,2";
			};
			name = Release;
		};
/* End XCBuildConfiguration section */

/* Begin XCConfigurationList section */
		75271E6F2AFD7B2D0089F902 /* Build configuration list for PBXProject "MovieApp" */ = {
			isa = XCConfigurationList;
			buildConfigurations = (
				75271E862AFD7B2E0089F902 /* Debug */,
				75271E872AFD7B2E0089F902 /* Release */,
			);
			defaultConfigurationIsVisible = 0;
			defaultConfigurationName = Release;
		};
		75271E882AFD7B2E0089F902 /* Build configuration list for PBXNativeTarget "MovieApp" */ = {
			isa = XCConfigurationList;
			buildConfigurations = (
				75271E892AFD7B2E0089F902 /* Debug */,
				75271E8A2AFD7B2E0089F902 /* Release */,
			);
			defaultConfigurationIsVisible = 0;
			defaultConfigurationName = Release;
		};
/* End XCConfigurationList section */

/* Begin XCRemoteSwiftPackageReference section */
		75271EB02AFE92B50089F902 /* XCRemoteSwiftPackageReference "SDWebImage" */ = {
			isa = XCRemoteSwiftPackageReference;
			repositoryURL = "https://github.com/SDWebImage/SDWebImage.git";
			requirement = {
				kind = upToNextMajorVersion;
				minimumVersion = 5.18.4;
			};
		};
/* End XCRemoteSwiftPackageReference section */

/* Begin XCSwiftPackageProductDependency section */
		75271EB12AFE92B50089F902 /* SDWebImage */ = {
			isa = XCSwiftPackageProductDependency;
			package = 75271EB02AFE92B50089F902 /* XCRemoteSwiftPackageReference "SDWebImage" */;
			productName = SDWebImage;
		};
		75271EB32AFE92B50089F902 /* SDWebImageMapKit */ = {
			isa = XCSwiftPackageProductDependency;
			package = 75271EB02AFE92B50089F902 /* XCRemoteSwiftPackageReference "SDWebImage" */;
			productName = SDWebImageMapKit;
		};
/* End XCSwiftPackageProductDependency section */
	};
	rootObject = 75271E6C2AFD7B2D0089F902 /* Project object */;
}
